
Microsoft Visual Studio Solution File, Format Version 12.00
# Visual Studio Version 17
VisualStudioVersion = 17.3.32804.467
MinimumVisualStudioVersion = 10.0.40219.1
Project("{9A19103F-16F7-4668-BE54-9A1E7A4F7556}") = "Metotlar2", "Metotlar2\Metotlar2.csproj", "{643FEF37-AC8B-488A-91AC-B0C7A48435ED}"
EndProject
Project("{9A19103F-16F7-4668-BE54-9A1E7A4F7556}") = "7KomdTug", "7KomdTug\7KomdTug.csproj", "{A49DB6AD-DE30-4545-BBB1-1C2CA65F9CBA}"
EndProject
Project("{9A19103F-16F7-4668-BE54-9A1E7A4F7556}") = "Matematik", "Matematik\Matematik.csproj", "{F8A4C99F-183A-4671-A9AD-EAB56CC49A6F}"
EndProject
Project("{FAE04EC0-301F-11D3-BF4B-00C04F79EFBC}") = "DegerVeReferansTipler", "DegerVeReferansTipler\DegerVeReferansTipler.csproj", "{4DD26A36-E90F-4F58-8030-F916DD29054D}"
EndProject
Global
	GlobalSection(SolutionConfigurationPlatforms) = preSolution
		Debug|Any CPU = Debug|Any CPU
		Release|Any CPU = Release|Any CPU
	EndGlobalSection
	GlobalSection(ProjectConfigurationPlatforms) = postSolution
		{643FEF37-AC8B-488A-91AC-B0C7A48435ED}.Debug|Any CPU.ActiveCfg = Debug|Any CPU
		{643FEF37-AC8B-488A-91AC-B0C7A48435ED}.Debug|Any CPU.Build.0 = Debug|Any CPU
		{643FEF37-AC8B-488A-91AC-B0C7A48435ED}.Release|Any CPU.ActiveCfg = Release|Any CPU
		{643FEF37-AC8B-488A-91AC-B0C7A48435ED}.Release|Any CPU.Build.0 = Release|Any CPU
		{A49DB6AD-DE30-4545-BBB1-1C2CA65F9CBA}.Debug|Any CPU.ActiveCfg = Debug|Any CPU
		{A49DB6AD-DE30-4545-BBB1-1C2CA65F9CBA}.Debug|Any CPU.Build.0 = Debug|Any CPU
		{A49DB6AD-DE30-4545-BBB1-1C2CA65F9CBA}.Release|Any CPU.ActiveCfg = Release|Any CPU
		{A49DB6AD-DE30-4545-BBB1-1C2CA65F9CBA}.Release|Any CPU.Build.0 = Release|Any CPU
		{F8A4C99F-183A-4671-A9AD-EAB56CC49A6F}.Debug|Any CPU.ActiveCfg = Debug|Any CPU
		{F8A4C99F-183A-4671-A9AD-EAB56CC49A6F}.Debug|Any CPU.Build.0 = Debug|Any CPU
		{F8A4C99F-183A-4671-A9AD-EAB56CC49A6F}.Release|Any CPU.ActiveCfg = Release|Any CPU
		{F8A4C99F-183A-4671-A9AD-EAB56CC49A6F}.Release|Any CPU.Build.0 = Release|Any CPU
		{4DD26A36-E90F-4F58-8030-F916DD29054D}.Debug|Any CPU.ActiveCfg = Debug|Any CPU
		{4DD26A36-E90F-4F58-8030-F916DD29054D}.Debug|Any CPU.Build.0 = Debug|Any CPU
		{4DD26A36-E90F-4F58-8030-F916DD29054D}.Release|Any CPU.ActiveCfg = Release|Any CPU
		{4DD26A36-E90F-4F58-8030-F916DD29054D}.Release|Any CPU.Build.0 = Release|Any CPU
	EndGlobalSection
	GlobalSection(SolutionProperties) = preSolution
		HideSolutionNode = FALSE
	EndGlobalSection
	GlobalSection(ExtensibilityGlobals) = postSolution
		SolutionGuid = {F1A07CC4-6DBC-45F0-9660-3CDAE762DAE0}
	EndGlobalSection
EndGlobal
